
Microsoft Visual Studio Solution File, Format Version 12.00
# Visual Studio Version 17
VisualStudioVersion = 17.9.34902.65
MinimumVisualStudioVersion = 10.0.40219.1
Project("{FAE04EC0-301F-11D3-BF4B-00C04F79EFBC}") = "bai2", "bai2\bai2.csproj", "{D92593EE-54E2-4F12-8B43-DD67E4D7C83F}"
EndProject
Global
	GlobalSection(SolutionConfigurationPlatforms) = preSolution
		Debug|Any CPU = Debug|Any CPU
		Release|Any CPU = Release|Any CPU
	EndGlobalSection
	GlobalSection(ProjectConfigurationPlatforms) = postSolution
		{D92593EE-54E2-4F12-8B43-DD67E4D7C83F}.Debug|Any CPU.ActiveCfg = Debug|Any CPU
		{D92593EE-54E2-4F12-8B43-DD67E4D7C83F}.Debug|Any CPU.Build.0 = Debug|Any CPU
		{D92593EE-54E2-4F12-8B43-DD67E4D7C83F}.Release|Any CPU.ActiveCfg = Release|Any CPU
		{D92593EE-54E2-4F12-8B43-DD67E4D7C83F}.Release|Any CPU.Build.0 = Release|Any CPU
	EndGlobalSection
	GlobalSection(SolutionProperties) = preSolution
		HideSolutionNode = FALSE
	EndGlobalSection
	GlobalSection(ExtensibilityGlobals) = postSolution
		SolutionGuid = {D17D28CA-9A08-4463-BEE3-314316FB2FC7}
	EndGlobalSection
EndGlobal
