
Microsoft Visual Studio Solution File, Format Version 12.00
# Visual Studio Version 17
VisualStudioVersion = 17.9.34723.18
MinimumVisualStudioVersion = 10.0.40219.1
Project("{9A19103F-16F7-4668-BE54-9A1E7A4F7556}") = "HelloWorld", "HelloWorld\HelloWorld.csproj", "{689728C5-A663-415E-9D64-324FFC0FCC94}"
EndProject
Project("{FAE04EC0-301F-11D3-BF4B-00C04F79EFBC}") = "HelloWorldLib", "HelloWorldLib\HelloWorldLib.csproj", "{2A5A8E37-8721-44B9-8C87-67451281D6E6}"
EndProject
Global
	GlobalSection(SolutionConfigurationPlatforms) = preSolution
		Debug|Any CPU = Debug|Any CPU
		Release|Any CPU = Release|Any CPU
	EndGlobalSection
	GlobalSection(ProjectConfigurationPlatforms) = postSolution
		{689728C5-A663-415E-9D64-324FFC0FCC94}.Debug|Any CPU.ActiveCfg = Debug|Any CPU
		{689728C5-A663-415E-9D64-324FFC0FCC94}.Debug|Any CPU.Build.0 = Debug|Any CPU
		{689728C5-A663-415E-9D64-324FFC0FCC94}.Release|Any CPU.ActiveCfg = Release|Any CPU
		{689728C5-A663-415E-9D64-324FFC0FCC94}.Release|Any CPU.Build.0 = Release|Any CPU
		{2A5A8E37-8721-44B9-8C87-67451281D6E6}.Debug|Any CPU.ActiveCfg = Debug|Any CPU
		{2A5A8E37-8721-44B9-8C87-67451281D6E6}.Debug|Any CPU.Build.0 = Debug|Any CPU
		{2A5A8E37-8721-44B9-8C87-67451281D6E6}.Release|Any CPU.ActiveCfg = Release|Any CPU
		{2A5A8E37-8721-44B9-8C87-67451281D6E6}.Release|Any CPU.Build.0 = Release|Any CPU
	EndGlobalSection
	GlobalSection(SolutionProperties) = preSolution
		HideSolutionNode = FALSE
	EndGlobalSection
	GlobalSection(ExtensibilityGlobals) = postSolution
		SolutionGuid = {A2D5A5AB-E076-4D79-AF8C-977D65F85EE1}
	EndGlobalSection
EndGlobal
